{
  "name": "webook",
  "version": "1.0.0",
  "lockfileVersion": 1,
  "requires": true,
  "dependencies": {
    "@fonticonpicker/fonticonpicker": {
      "version": "3.1.1",
      "resolved": "https://registry.npmjs.org/@fonticonpicker/fonticonpicker/-/fonticonpicker-3.1.1.tgz",
      "integrity": "sha512-UJiBjng4UpOlUC6R5RQY7BWxO1zd2wf9D2yF8XNzI0n8PqbovEoIbfa2BnTtQaxELikp3rH7giwxTbD04lDWhQ=="
    },
    "@fullcalendar/common": {
      "version": "5.10.1",
      "resolved": "https://registry.npmjs.org/@fullcalendar/common/-/common-5.10.1.tgz",
      "integrity": "sha512-EumKIJcQTvQdTs75/9dmeREFgjcRVWzqHJS1Xvlz5mNsmB+w9EINCHETRjChtAQg1WD/lTQyVj4sHsKO7vCMSw==",
      "requires": {
        "tslib": "^2.1.0"
      }
    },
    "@fullcalendar/core": {
      "version": "5.10.1",
      "resolved": "https://registry.npmjs.org/@fullcalendar/core/-/core-5.10.1.tgz",
      "integrity": "sha512-8sVuC6ywXV+cxqsqTZaR1hgUqeyjVed20NyZ7lGW9AY0kma1GIEwLgqPS5Q6uVhHyin68lmgecKfJCwhxENE8w==",
      "requires": {
        "@fullcalendar/common": "~5.10.1",
        "preact": "^10.0.5",
        "tslib": "^2.1.0"
      }
    },
    "@fullcalendar/premium-common": {
      "version": "5.10.1",
      "resolved": "https://registry.npmjs.org/@fullcalendar/premium-common/-/premium-common-5.10.1.tgz",
      "integrity": "sha512-yOZgtVI/7tt1oeQABLQqTNLEv2YpxbE0ywvQ+VwtrKc5LksmUA2czO4peom1KIAwH6JsZnytpvwQ4k4cP8Ivaw==",
      "requires": {
        "@fullcalendar/common": "~5.10.1",
        "tslib": "^2.1.0"
      }
    },
    "@fullcalendar/resource-common": {
      "version": "5.10.1",
      "resolved": "https://registry.npmjs.org/@fullcalendar/resource-common/-/resource-common-5.10.1.tgz",
      "integrity": "sha512-20JR8cucAeJEXSbWVSj9USwsPGKb3dVQr8CBiXuHPbD0OLK93j7jhKjBlp/pRldtcJW9mIXC8ENQvw/aNZJ9Cw==",
      "requires": {
        "@fullcalendar/common": "~5.10.1",
        "@fullcalendar/premium-common": "~5.10.1",
        "tslib": "^2.1.0"
      }
    },
    "@fullcalendar/resource-timeline": {
      "version": "5.10.1",
      "resolved": "https://registry.npmjs.org/@fullcalendar/resource-timeline/-/resource-timeline-5.10.1.tgz",
      "integrity": "sha512-gsqjr6Z+LQcNbQlHgaTtg/kF8l6yDRtIuMQbhFlTy71RJI//x2mHhLXgV40FJeEE+srp48xJPd89+rIhlyJ5Tw==",
      "requires": {
        "@fullcalendar/common": "~5.10.1",
        "@fullcalendar/premium-common": "~5.10.1",
        "@fullcalendar/resource-common": "~5.10.1",
        "@fullcalendar/scrollgrid": "~5.10.1",
        "@fullcalendar/timeline": "~5.10.1",
        "tslib": "^2.1.0"
      }
    },
    "@fullcalendar/scrollgrid": {
      "version": "5.10.1",
      "resolved": "https://registry.npmjs.org/@fullcalendar/scrollgrid/-/scrollgrid-5.10.1.tgz",
      "integrity": "sha512-Hj6gzj2/sUUnozIMC0GBK60/ZTeDchp/Gc2S4F+05W6V4BoUXbIwav+EdAerfNFOv7EXWa9vM9Lq3A53iVWFVg==",
      "requires": {
        "@fullcalendar/common": "~5.10.1",
        "@fullcalendar/premium-common": "~5.10.1",
        "tslib": "^2.1.0"
      }
    },
    "@fullcalendar/timeline": {
      "version": "5.10.1",
      "resolved": "https://registry.npmjs.org/@fullcalendar/timeline/-/timeline-5.10.1.tgz",
      "integrity": "sha512-pFMhK4nsCvpsA63GPJQtT1RSS2OLlT9a2+fvsf2oQregBLcottJSlCjIsIuKP7hpQLimaSdLr2kNjh5hs8jKlw==",
      "requires": {
        "@fullcalendar/common": "~5.10.1",
        "@fullcalendar/premium-common": "~5.10.1",
        "@fullcalendar/scrollgrid": "~5.10.1",
        "tslib": "^2.1.0"
      }
    },
    "color": {
      "version": "4.2.0",
      "resolved": "https://registry.npmjs.org/color/-/color-4.2.0.tgz",
      "integrity": "sha512-hHTcrbvEnGjC7WBMk6ibQWFVDgEFTVmjrz2Q5HlU6ltwxv0JJN2Z8I7uRbWeQLF04dikxs8zgyZkazRJvSMtyQ==",
      "requires": {
        "color-convert": "^2.0.1",
        "color-string": "^1.9.0"
      }
    },
    "color-convert": {
      "version": "2.0.1",
      "resolved": "https://registry.npmjs.org/color-convert/-/color-convert-2.0.1.tgz",
      "integrity": "sha512-RRECPsj7iu/xb5oKYcsFHSppFNnsj/52OVTRKb4zP5onXwVF3zVmmToNcOfGC+CRDpfK/U584fMg38ZHCaElKQ==",
      "requires": {
        "color-name": "~1.1.4"
      }
    },
    "color-name": {
      "version": "1.1.4",
      "resolved": "https://registry.npmjs.org/color-name/-/color-name-1.1.4.tgz",
      "integrity": "sha512-dOy+3AuW3a2wNbZHIuMZpTcgjGuLU/uBL/ubcZF9OXbDo8ff4O8yVp5Bf0efS8uEoYo5q4Fx7dY9OgQGXgAsQA=="
    },
    "color-string": {
      "version": "1.9.0",
      "resolved": "https://registry.npmjs.org/color-string/-/color-string-1.9.0.tgz",
      "integrity": "sha512-9Mrz2AQLefkH1UvASKj6v6hj/7eWgjnT/cVsR8CumieLoT+g900exWeNogqtweI8dxloXN9BDQTYro1oWu/5CQ==",
      "requires": {
        "color-name": "^1.0.0",
        "simple-swizzle": "^0.2.2"
      }
    },
    "fullcalendar": {
      "version": "5.10.1",
      "resolved": "https://registry.npmjs.org/fullcalendar/-/fullcalendar-5.10.1.tgz",
      "integrity": "sha512-0jgDxiWRuC36MzAUK3+Equmu4R0+vAPEtttsXLX9GNNDUHEZ5HjcH+dUtWut4vlJtxGJgVZ+eZ76/7qhcu+RMA=="
    },
    "fullcalendar-scheduler": {
      "version": "5.10.1",
      "resolved": "https://registry.npmjs.org/fullcalendar-scheduler/-/fullcalendar-scheduler-5.10.1.tgz",
      "integrity": "sha512-rwMWcgV1oc58AOZ93NczdHCxwF0OLmOm4RSLqRzy6rcnB8XId9hGUbxhFgih26NXSJ+439IPi6Q3yhbqbru5sQ=="
    },
    "is-arrayish": {
      "version": "0.3.2",
      "resolved": "https://registry.npmjs.org/is-arrayish/-/is-arrayish-0.3.2.tgz",
      "integrity": "sha512-eVRqCvVlZbuw3GrM63ovNSNAeA1K16kaR/LRY/92w0zxQ5/1YzwblUX652i4Xs9RwAGjW9d9y6X88t8OaAJfWQ=="
    },
    "jquery.repeater": {
      "version": "1.2.1",
      "resolved": "https://registry.npmjs.org/jquery.repeater/-/jquery.repeater-1.2.1.tgz",
      "integrity": "sha1-6ihKaTdL9EeNwuYK9ecFsWnLFRQ="
    },
    "mustache": {
      "version": "4.2.0",
      "resolved": "https://registry.npmjs.org/mustache/-/mustache-4.2.0.tgz",
      "integrity": "sha512-71ippSywq5Yb7/tVYyGbkBggbU8H3u5Rz56fH60jGFgr8uHwxs+aSKeqmluIVzM0m0kB7xQjKS6qPfd0b2ZoqQ=="
    },
    "preact": {
      "version": "10.6.2",
      "resolved": "https://registry.npmjs.org/preact/-/preact-10.6.2.tgz",
      "integrity": "sha512-ppDjurt75nSxyikpyali+uKwRl8CK9N6ntOPovGIEGQagjMLVzEgVqFEsUUyUrqyE9Ch90KE0jmFc9q2QcPLBA=="
    },
    "simple-swizzle": {
      "version": "0.2.2",
      "resolved": "https://registry.npmjs.org/simple-swizzle/-/simple-swizzle-0.2.2.tgz",
      "integrity": "sha1-pNprY1/8zMoz9w0Xy5JZLeleVXo=",
      "requires": {
        "is-arrayish": "^0.3.1"
      }
    },
    "tslib": {
      "version": "2.3.1",
      "resolved": "https://registry.npmjs.org/tslib/-/tslib-2.3.1.tgz",
      "integrity": "sha512-77EbyPPpMz+FRFRuAFlWMtmgUWGe9UOG2Z25NqCwiIjRhOf5iKGuzSe5P2w1laq+FkRy4p+PCuVkJSGkzTEKVw=="
    },
    "vis-timeline": {
      "version": "7.5.0",
      "resolved": "https://registry.npmjs.org/vis-timeline/-/vis-timeline-7.5.0.tgz",
      "integrity": "sha512-h5V2tuwKuiznhZ+5dgx5qYmi/kwsrHeYxT1rPUTyCzhVwI3uggpsE4Gjd2sbFoP4zjPCRz6blKbR0N4JuU92+w=="
    }
  }
}
