{
  "name": "webook",
  "version": "1.0.0",
  "lockfileVersion": 3,
  "requires": true,
  "packages": {
    "": {
      "name": "webook",
      "version": "1.0.0",
      "license": "ISC",
      "dependencies": {
        "@fonticonpicker/fonticonpicker": "^3.1.1",
        "@fullcalendar/core": "^5.10.1",
        "@fullcalendar/resource-timeline": "^5.10.1",
        "@vuepic/vue-datepicker": "^9.0.3",
        "color": "^4.2.0",
        "colorjs.io": "^0.4.0",
        "datatables": "^1.10.18",
        "fullcalendar": "^5.10.1",
        "fullcalendar-scheduler": "^5.10.1",
        "fuse.js": "^6.6.2",
        "jquery-treetable": "^3.2.0-1",
        "jquery.repeater": "^1.2.1",
        "jstree": "^3.3.12",
        "mustache": "^4.2.0",
        "select2": "^4.1.0-rc.0",
        "vis-timeline": "^7.5.0",
        "vue": "^3.2.45",
        "vue-simple-context-menu": "^4.0.4"
      }
    },
    "node_modules/@babel/helper-string-parser": {
      "version": "7.25.7",
      "resolved": "https://npmregistry.a.wemade.no/@babel/helper-string-parser/-/helper-string-parser-7.25.7.tgz",
      "integrity": "sha512-CbkjYdsJNHFk8uqpEkpCvRs3YRp9tY6FmFY7wLMSYuGYkrdUi7r2lc4/wqsvlHoMznX3WJ9IP8giGPq68T/Y6g==",
      "engines": {
        "node": ">=6.9.0"
      }
    },
    "node_modules/@babel/helper-validator-identifier": {
      "version": "7.25.7",
      "resolved": "https://npmregistry.a.wemade.no/@babel/helper-validator-identifier/-/helper-validator-identifier-7.25.7.tgz",
      "integrity": "sha512-AM6TzwYqGChO45oiuPqwL2t20/HdMC1rTPAesnBCgPCSF1x3oN9MVUwQV2iyz4xqWrctwK5RNC8LV22kaQCNYg==",
      "engines": {
        "node": ">=6.9.0"
      }
    },
    "node_modules/@babel/parser": {
      "version": "7.25.7",
      "resolved": "https://npmregistry.a.wemade.no/@babel/parser/-/parser-7.25.7.tgz",
      "integrity": "sha512-aZn7ETtQsjjGG5HruveUK06cU3Hljuhd9Iojm4M8WWv3wLE6OkE5PWbDUkItmMgegmccaITudyuW5RPYrYlgWw==",
      "dependencies": {
        "@babel/types": "^7.25.7"
      },
      "bin": {
        "parser": "bin/babel-parser.js"
      },
      "engines": {
        "node": ">=6.0.0"
      }
    },
    "node_modules/@babel/types": {
      "version": "7.25.7",
      "resolved": "https://npmregistry.a.wemade.no/@babel/types/-/types-7.25.7.tgz",
      "integrity": "sha512-vwIVdXG+j+FOpkwqHRcBgHLYNL7XMkufrlaFvL9o6Ai9sJn9+PdyIL5qa0XzTZw084c+u9LOls53eoZWP/W5WQ==",
      "dependencies": {
        "@babel/helper-string-parser": "^7.25.7",
        "@babel/helper-validator-identifier": "^7.25.7",
        "to-fast-properties": "^2.0.0"
      },
      "engines": {
        "node": ">=6.9.0"
      }
    },
    "node_modules/@egjs/hammerjs": {
      "version": "2.0.17",
      "resolved": "https://npmregistry.a.wemade.no/@egjs/hammerjs/-/hammerjs-2.0.17.tgz",
      "integrity": "sha512-XQsZgjm2EcVUiZQf11UBJQfmZeEmOW8DpI1gsFeln6w0ae0ii4dMQEQ0kjl6DspdWX1aGY1/loyXnP0JS06e/A==",
      "peer": true,
      "dependencies": {
        "@types/hammerjs": "^2.0.36"
      },
      "engines": {
        "node": ">=0.8.0"
      }
    },
    "node_modules/@fonticonpicker/fonticonpicker": {
      "version": "3.1.1",
      "resolved": "https://npmregistry.a.wemade.no/@fonticonpicker/fonticonpicker/-/fonticonpicker-3.1.1.tgz",
      "integrity": "sha512-UJiBjng4UpOlUC6R5RQY7BWxO1zd2wf9D2yF8XNzI0n8PqbovEoIbfa2BnTtQaxELikp3rH7giwxTbD04lDWhQ==",
      "engines": {
        "node": ">=8.0.0",
        "npm": ">= 5.0.0"
      },
      "peerDependencies": {
        "jquery": ">=1.12.4"
      }
    },
    "node_modules/@fullcalendar/common": {
      "version": "5.11.5",
      "resolved": "https://npmregistry.a.wemade.no/@fullcalendar/common/-/common-5.11.5.tgz",
      "integrity": "sha512-3iAYiUbHXhjSVXnYWz27Od2cslztUPsOwiwKlfGvQxBixv2Kl6a8IPwaijKFYJHXdwYmfPoEgK7rvqAGVoIYwA==",
      "dependencies": {
        "tslib": "^2.1.0"
      }
    },
    "node_modules/@fullcalendar/core": {
      "version": "5.11.5",
      "resolved": "https://npmregistry.a.wemade.no/@fullcalendar/core/-/core-5.11.5.tgz",
      "integrity": "sha512-M/WQuq1+uUHxFDEIu2ib/aaPZ70VsRk2ITECo/WCLSLTVWcHPXwEg83reyP3G8JrMM4gRL4vScEHhX0U5aoNSw==",
      "dependencies": {
        "@fullcalendar/common": "~5.11.5",
        "preact": "~10.12.1",
        "tslib": "^2.1.0"
      }
    },
    "node_modules/@fullcalendar/premium-common": {
      "version": "5.11.5",
      "resolved": "https://npmregistry.a.wemade.no/@fullcalendar/premium-common/-/premium-common-5.11.5.tgz",
      "integrity": "sha512-QMLOm+MKxvsbji4wt7YGqB73IqwHD+y2JD1DZ3t0LCq2Ul6QtQjNxRP7/7DklXPI8atXoJRRXzwqRq+8O9FFHw==",
      "dependencies": {
        "@fullcalendar/common": "~5.11.5",
        "tslib": "^2.1.0"
      }
    },
    "node_modules/@fullcalendar/resource-common": {
      "version": "5.11.5",
      "resolved": "https://npmregistry.a.wemade.no/@fullcalendar/resource-common/-/resource-common-5.11.5.tgz",
      "integrity": "sha512-r7Jsd9ge65m9AShyWAOUUdRulyOKI3p0a7lOcilQ1KXDy0d1O2KpPa27sqRzpofLoDoSrteVP7dirU8Lg20sTA==",
      "dependencies": {
        "@fullcalendar/common": "~5.11.5",
        "@fullcalendar/premium-common": "~5.11.5",
        "tslib": "^2.1.0"
      }
    },
    "node_modules/@fullcalendar/resource-timeline": {
      "version": "5.11.5",
      "resolved": "https://npmregistry.a.wemade.no/@fullcalendar/resource-timeline/-/resource-timeline-5.11.5.tgz",
      "integrity": "sha512-hCHfMQL3ZKKfBPCj20+HmF+S1ADDEi0HGmyMlOTnlw4QbNC9qcKpyqLlcS1JwnFEPNnQUFMozssCKyL2LKiaRg==",
      "dependencies": {
        "@fullcalendar/common": "~5.11.5",
        "@fullcalendar/premium-common": "~5.11.5",
        "@fullcalendar/resource-common": "~5.11.5",
        "@fullcalendar/scrollgrid": "~5.11.5",
        "@fullcalendar/timeline": "~5.11.5",
        "tslib": "^2.1.0"
      }
    },
    "node_modules/@fullcalendar/scrollgrid": {
      "version": "5.11.5",
      "resolved": "https://npmregistry.a.wemade.no/@fullcalendar/scrollgrid/-/scrollgrid-5.11.5.tgz",
      "integrity": "sha512-/6TaqW8DR+9KQ+hRKtFfT3S4DO2G9E6Yvlje+X2FkySjX+u4FxjqtUAZpSw1AYzPWvAaTcBJAPe+jMsRRifdUw==",
      "dependencies": {
        "@fullcalendar/common": "~5.11.5",
        "@fullcalendar/premium-common": "~5.11.5",
        "tslib": "^2.1.0"
      }
    },
    "node_modules/@fullcalendar/timeline": {
      "version": "5.11.5",
      "resolved": "https://npmregistry.a.wemade.no/@fullcalendar/timeline/-/timeline-5.11.5.tgz",
      "integrity": "sha512-sxOZ/89lx4/vkEBzLY5ubW92tuhmC5P0KUTZMqOiz1caOdWCdmifCFpeZVtlLpBWvO1u56UnUGrIBiE3zgGj7g==",
      "dependencies": {
        "@fullcalendar/common": "~5.11.5",
        "@fullcalendar/premium-common": "~5.11.5",
        "@fullcalendar/scrollgrid": "~5.11.5",
        "tslib": "^2.1.0"
      }
    },
    "node_modules/@jridgewell/sourcemap-codec": {
      "version": "1.5.0",
      "resolved": "https://npmregistry.a.wemade.no/@jridgewell/sourcemap-codec/-/sourcemap-codec-1.5.0.tgz",
      "integrity": "sha512-gv3ZRaISU3fjPAgNsriBRqGWQL6quFx04YMPW/zD8XMLsU32mhCCbfbO6KZFLjvYpCZ8zyDEgqsgf+PwPaM7GQ=="
    },
    "node_modules/@types/hammerjs": {
      "version": "2.0.46",
      "resolved": "https://npmregistry.a.wemade.no/@types/hammerjs/-/hammerjs-2.0.46.tgz",
      "integrity": "sha512-ynRvcq6wvqexJ9brDMS4BnBLzmr0e14d6ZJTEShTBWKymQiHwlAyGu0ZPEFI2Fh1U53F7tN9ufClWM5KvqkKOw==",
      "peer": true
    },
    "node_modules/@vue/compiler-core": {
      "version": "3.5.11",
      "resolved": "https://npmregistry.a.wemade.no/@vue/compiler-core/-/compiler-core-3.5.11.tgz",
      "integrity": "sha512-PwAdxs7/9Hc3ieBO12tXzmTD+Ln4qhT/56S+8DvrrZ4kLDn4Z/AMUr8tXJD0axiJBS0RKIoNaR0yMuQB9v9Udg==",
      "dependencies": {
        "@babel/parser": "^7.25.3",
        "@vue/shared": "3.5.11",
        "entities": "^4.5.0",
        "estree-walker": "^2.0.2",
        "source-map-js": "^1.2.0"
      }
    },
    "node_modules/@vue/compiler-dom": {
      "version": "3.5.11",
      "resolved": "https://npmregistry.a.wemade.no/@vue/compiler-dom/-/compiler-dom-3.5.11.tgz",
      "integrity": "sha512-pyGf8zdbDDRkBrEzf8p7BQlMKNNF5Fk/Cf/fQ6PiUz9at4OaUfyXW0dGJTo2Vl1f5U9jSLCNf0EZJEogLXoeew==",
      "dependencies": {
        "@vue/compiler-core": "3.5.11",
        "@vue/shared": "3.5.11"
      }
    },
    "node_modules/@vue/compiler-sfc": {
      "version": "3.5.11",
      "resolved": "https://npmregistry.a.wemade.no/@vue/compiler-sfc/-/compiler-sfc-3.5.11.tgz",
      "integrity": "sha512-gsbBtT4N9ANXXepprle+X9YLg2htQk1sqH/qGJ/EApl+dgpUBdTv3yP7YlR535uHZY3n6XaR0/bKo0BgwwDniw==",
      "dependencies": {
        "@babel/parser": "^7.25.3",
        "@vue/compiler-core": "3.5.11",
        "@vue/compiler-dom": "3.5.11",
        "@vue/compiler-ssr": "3.5.11",
        "@vue/shared": "3.5.11",
        "estree-walker": "^2.0.2",
        "magic-string": "^0.30.11",
        "postcss": "^8.4.47",
        "source-map-js": "^1.2.0"
      }
    },
    "node_modules/@vue/compiler-ssr": {
      "version": "3.5.11",
      "resolved": "https://npmregistry.a.wemade.no/@vue/compiler-ssr/-/compiler-ssr-3.5.11.tgz",
      "integrity": "sha512-P4+GPjOuC2aFTk1Z4WANvEhyOykcvEd5bIj2KVNGKGfM745LaXGr++5njpdBTzVz5pZifdlR1kpYSJJpIlSePA==",
      "dependencies": {
        "@vue/compiler-dom": "3.5.11",
        "@vue/shared": "3.5.11"
      }
    },
    "node_modules/@vue/reactivity": {
      "version": "3.5.11",
      "resolved": "https://npmregistry.a.wemade.no/@vue/reactivity/-/reactivity-3.5.11.tgz",
      "integrity": "sha512-Nqo5VZEn8MJWlCce8XoyVqHZbd5P2NH+yuAaFzuNSR96I+y1cnuUiq7xfSG+kyvLSiWmaHTKP1r3OZY4mMD50w==",
      "dependencies": {
        "@vue/shared": "3.5.11"
      }
    },
    "node_modules/@vue/runtime-core": {
      "version": "3.5.11",
      "resolved": "https://npmregistry.a.wemade.no/@vue/runtime-core/-/runtime-core-3.5.11.tgz",
      "integrity": "sha512-7PsxFGqwfDhfhh0OcDWBG1DaIQIVOLgkwA5q6MtkPiDFjp5gohVnJEahSktwSFLq7R5PtxDKy6WKURVN1UDbzA==",
      "dependencies": {
        "@vue/reactivity": "3.5.11",
        "@vue/shared": "3.5.11"
      }
    },
    "node_modules/@vue/runtime-dom": {
      "version": "3.5.11",
      "resolved": "https://npmregistry.a.wemade.no/@vue/runtime-dom/-/runtime-dom-3.5.11.tgz",
      "integrity": "sha512-GNghjecT6IrGf0UhuYmpgaOlN7kxzQBhxWEn08c/SQDxv1yy4IXI1bn81JgEpQ4IXjRxWtPyI8x0/7TF5rPfYQ==",
      "dependencies": {
        "@vue/reactivity": "3.5.11",
        "@vue/runtime-core": "3.5.11",
        "@vue/shared": "3.5.11",
        "csstype": "^3.1.3"
      }
    },
    "node_modules/@vue/server-renderer": {
      "version": "3.5.11",
      "resolved": "https://npmregistry.a.wemade.no/@vue/server-renderer/-/server-renderer-3.5.11.tgz",
      "integrity": "sha512-cVOwYBxR7Wb1B1FoxYvtjJD8X/9E5nlH4VSkJy2uMA1MzYNdzAAB//l8nrmN9py/4aP+3NjWukf9PZ3TeWULaA==",
      "dependencies": {
        "@vue/compiler-ssr": "3.5.11",
        "@vue/shared": "3.5.11"
      },
      "peerDependencies": {
        "vue": "3.5.11"
      }
    },
    "node_modules/@vue/shared": {
      "version": "3.5.11",
      "resolved": "https://npmregistry.a.wemade.no/@vue/shared/-/shared-3.5.11.tgz",
      "integrity": "sha512-W8GgysJVnFo81FthhzurdRAWP/byq3q2qIw70e0JWblzVhjgOMiC2GyovXrZTFQJnFVryYaKGP3Tc9vYzYm6PQ=="
    },
    "node_modules/@vuepic/vue-datepicker": {
      "version": "9.0.3",
      "resolved": "https://npmregistry.a.wemade.no/@vuepic/vue-datepicker/-/vue-datepicker-9.0.3.tgz",
      "integrity": "sha512-OtCAKG+CkVBpCwnPx7/BGRF+/z+jDzNl2cMBpcr8j2NkAN+13xkUt7sctbOVKbG/jhuXtKoUSedI69e0cDXPXw==",
      "dependencies": {
        "date-fns": "^3.6.0"
      },
      "engines": {
        "node": ">=18.12.0"
      },
      "peerDependencies": {
        "vue": ">=3.2.0"
      }
    },
    "node_modules/click-outside-vue3": {
      "version": "4.0.1",
      "resolved": "https://npmregistry.a.wemade.no/click-outside-vue3/-/click-outside-vue3-4.0.1.tgz",
      "integrity": "sha512-sbplNecrup5oGqA3o4bo8XmvHRT6q9fvw21Z67aDbTqB9M6LF7CuYLTlLvNtOgKU6W3zst5H5zJuEh4auqA34g==",
      "engines": {
        "node": ">=6"
      }
    },
    "node_modules/color": {
      "version": "4.2.3",
      "resolved": "https://npmregistry.a.wemade.no/color/-/color-4.2.3.tgz",
      "integrity": "sha512-1rXeuUUiGGrykh+CeBdu5Ie7OJwinCgQY0bc7GCRxy5xVHy+moaqkpL/jqQq0MtQOeYcrqEz4abc5f0KtU7W4A==",
      "dependencies": {
        "color-convert": "^2.0.1",
        "color-string": "^1.9.0"
      },
      "engines": {
        "node": ">=12.5.0"
      }
    },
    "node_modules/color-convert": {
      "version": "2.0.1",
      "resolved": "https://npmregistry.a.wemade.no/color-convert/-/color-convert-2.0.1.tgz",
      "integrity": "sha512-RRECPsj7iu/xb5oKYcsFHSppFNnsj/52OVTRKb4zP5onXwVF3zVmmToNcOfGC+CRDpfK/U584fMg38ZHCaElKQ==",
      "dependencies": {
        "color-name": "~1.1.4"
      },
      "engines": {
        "node": ">=7.0.0"
      }
    },
    "node_modules/color-name": {
      "version": "1.1.4",
      "resolved": "https://npmregistry.a.wemade.no/color-name/-/color-name-1.1.4.tgz",
      "integrity": "sha512-dOy+3AuW3a2wNbZHIuMZpTcgjGuLU/uBL/ubcZF9OXbDo8ff4O8yVp5Bf0efS8uEoYo5q4Fx7dY9OgQGXgAsQA=="
    },
    "node_modules/color-string": {
      "version": "1.9.1",
      "resolved": "https://npmregistry.a.wemade.no/color-string/-/color-string-1.9.1.tgz",
      "integrity": "sha512-shrVawQFojnZv6xM40anx4CkoDP+fZsw/ZerEMsW/pyzsRbElpsL/DBVW7q3ExxwusdNXI3lXpuhEZkzs8p5Eg==",
      "dependencies": {
        "color-name": "^1.0.0",
        "simple-swizzle": "^0.2.2"
      }
    },
    "node_modules/colorjs.io": {
      "version": "0.4.5",
      "resolved": "https://npmregistry.a.wemade.no/colorjs.io/-/colorjs.io-0.4.5.tgz",
      "integrity": "sha512-yCtUNCmge7llyfd/Wou19PMAcf5yC3XXhgFoAh6zsO2pGswhUPBaaUh8jzgHnXtXuZyFKzXZNAnyF5i+apICow=="
    },
    "node_modules/commander": {
      "version": "2.20.3",
      "resolved": "https://npmregistry.a.wemade.no/commander/-/commander-2.20.3.tgz",
      "integrity": "sha512-GpVkmM8vF2vQUkj2LvZmD35JxeJOLCwJ9cUkugyk2nuhbv3+mJvpLYYt+0+USMxE+oj+ey/lJEnhZw75x/OMcQ==",
      "peer": true
    },
    "node_modules/component-emitter": {
      "version": "1.3.1",
      "resolved": "https://npmregistry.a.wemade.no/component-emitter/-/component-emitter-1.3.1.tgz",
      "integrity": "sha512-T0+barUSQRTUQASh8bx02dl+DhF54GtIDY13Y3m9oWTklKbb3Wv974meRpeZ3lp1JpLVECWWNHC4vaG2XHXouQ==",
      "peer": true,
      "funding": {
        "url": "https://github.com/sponsors/sindresorhus"
      }
    },
    "node_modules/cssfilter": {
      "version": "0.0.10",
      "resolved": "https://npmregistry.a.wemade.no/cssfilter/-/cssfilter-0.0.10.tgz",
      "integrity": "sha512-FAaLDaplstoRsDR8XGYH51znUN0UY7nMc6Z9/fvE8EXGwvJE9hu7W2vHwx1+bd6gCYnln9nLbzxFTrcO9YQDZw==",
      "peer": true
    },
    "node_modules/csstype": {
      "version": "3.1.3",
      "resolved": "https://npmregistry.a.wemade.no/csstype/-/csstype-3.1.3.tgz",
      "integrity": "sha512-M1uQkMl8rQK/szD0LNhtqxIPLpimGm8sOBwU7lLnCpSbTyY3yeU1Vc7l4KT5zT4s/yOxHH5O7tIuuLOCnLADRw=="
    },
    "node_modules/datatables": {
      "version": "1.10.18",
      "resolved": "https://npmregistry.a.wemade.no/datatables/-/datatables-1.10.18.tgz",
      "integrity": "sha512-ntatMgS9NN6UMpwbmO+QkYJuKlVeMA2Mi0Gu/QxyIh+dW7ZjLSDhPT2tWlzjpIWEkDYgieDzS9Nu7bdQCW0sbQ==",
      "dependencies": {
        "jquery": ">=1.7"
      }
    },
    "node_modules/date-fns": {
      "version": "3.6.0",
      "resolved": "https://npmregistry.a.wemade.no/date-fns/-/date-fns-3.6.0.tgz",
      "integrity": "sha512-fRHTG8g/Gif+kSh50gaGEdToemgfj74aRX3swtiouboip5JDLAyDE9F11nHMIcvOaXeOC6D7SpNhi7uFyB7Uww==",
      "funding": {
        "type": "github",
        "url": "https://github.com/sponsors/kossnocorp"
      }
    },
    "node_modules/entities": {
      "version": "4.5.0",
      "resolved": "https://npmregistry.a.wemade.no/entities/-/entities-4.5.0.tgz",
      "integrity": "sha512-V0hjH4dGPh9Ao5p0MoRY6BVqtwCjhz6vI5LT8AJ55H+4g9/4vbHx1I54fS0XuclLhDHArPQCiMjDxjaL8fPxhw==",
      "engines": {
        "node": ">=0.12"
      },
      "funding": {
        "url": "https://github.com/fb55/entities?sponsor=1"
      }
    },
    "node_modules/estree-walker": {
      "version": "2.0.2",
      "resolved": "https://npmregistry.a.wemade.no/estree-walker/-/estree-walker-2.0.2.tgz",
      "integrity": "sha512-Rfkk/Mp/DL7JVje3u18FxFujQlTNR2q6QfMSMB7AvCBx91NGj/ba3kCfza0f6dVDbw7YlRf/nDrn7pQrCCyQ/w=="
    },
    "node_modules/fullcalendar": {
      "version": "5.11.5",
      "resolved": "https://npmregistry.a.wemade.no/fullcalendar/-/fullcalendar-5.11.5.tgz",
      "integrity": "sha512-eaVD6zOvuFXVpoMKlg2FQAj8e+PcpitBMwlzwRJJr1zOi/dXMYAksx2hLzwtsr93FVUNSSo16xwMTTZz6+prKQ=="
    },
    "node_modules/fullcalendar-scheduler": {
      "version": "5.11.5",
      "resolved": "https://npmregistry.a.wemade.no/fullcalendar-scheduler/-/fullcalendar-scheduler-5.11.5.tgz",
      "integrity": "sha512-95hZr7SF9f2Y8SXDXJ4vPotOtk9CzvF5TVBTh3q5fep539tm0Vl6i3M3JLKDLTfimfAR30SCz5MHnYHh5VnD6A=="
    },
    "node_modules/fuse.js": {
      "version": "6.6.2",
      "resolved": "https://npmregistry.a.wemade.no/fuse.js/-/fuse.js-6.6.2.tgz",
      "integrity": "sha512-cJaJkxCCxC8qIIcPBF9yGxY0W/tVZS3uEISDxhYIdtk8OL93pe+6Zj7LjCqVV4dzbqcriOZ+kQ/NE4RXZHsIGA==",
      "engines": {
        "node": ">=10"
      }
    },
    "node_modules/is-arrayish": {
      "version": "0.3.2",
      "resolved": "https://npmregistry.a.wemade.no/is-arrayish/-/is-arrayish-0.3.2.tgz",
      "integrity": "sha512-eVRqCvVlZbuw3GrM63ovNSNAeA1K16kaR/LRY/92w0zxQ5/1YzwblUX652i4Xs9RwAGjW9d9y6X88t8OaAJfWQ=="
    },
    "node_modules/jquery": {
      "version": "3.7.1",
      "resolved": "https://npmregistry.a.wemade.no/jquery/-/jquery-3.7.1.tgz",
      "integrity": "sha512-m4avr8yL8kmFN8psrbFFFmB/If14iN5o9nw/NgnnM+kybDJpRsAynV2BsfpTYrTRysYUdADVD7CkUUizgkpLfg=="
    },
    "node_modules/jquery-treetable": {
      "version": "3.2.0-1",
      "resolved": "https://npmregistry.a.wemade.no/jquery-treetable/-/jquery-treetable-3.2.0-1.tgz",
      "integrity": "sha512-pFYCqrWfGHO+RzyyVuEh7eXddaaTV6ysR77hY5CefUBIiGxgyBLejTjv3qR337tgQQCKOWk4xUWZvLx+vdubRg==",
      "dependencies": {
        "jquery": ">=1.6"
      }
    },
    "node_modules/jquery.repeater": {
      "version": "1.2.1",
      "resolved": "https://npmregistry.a.wemade.no/jquery.repeater/-/jquery.repeater-1.2.1.tgz",
      "integrity": "sha512-OltR1Z1AwaOsCQFBbfe1h+RnxjAwLrBa9uYkOjuj6DvyEJx0alr0ToCvfbCX1CJqq4vOMfoZUSjjKXBVog0srw=="
    },
    "node_modules/jstree": {
      "version": "3.3.17",
      "resolved": "https://npmregistry.a.wemade.no/jstree/-/jstree-3.3.17.tgz",
      "integrity": "sha512-V0Pl1B6BIaxHUQMiWkol37QlhlBKoZA9RUeUmm95+UnV2QeZsj2QP1sOQl/m2EIOyZXOOxOHvR0SYZLSDC7EFw==",
      "dependencies": {
        "jquery": "^3.5.0"
      }
    },
    "node_modules/keycharm": {
      "version": "0.4.0",
      "resolved": "https://npmregistry.a.wemade.no/keycharm/-/keycharm-0.4.0.tgz",
      "integrity": "sha512-TyQTtsabOVv3MeOpR92sIKk/br9wxS+zGj4BG7CR8YbK4jM3tyIBaF0zhzeBUMx36/Q/iQLOKKOT+3jOQtemRQ==",
      "peer": true
    },
    "node_modules/magic-string": {
      "version": "0.30.11",
      "resolved": "https://npmregistry.a.wemade.no/magic-string/-/magic-string-0.30.11.tgz",
      "integrity": "sha512-+Wri9p0QHMy+545hKww7YAu5NyzF8iomPL/RQazugQ9+Ez4Ic3mERMd8ZTX5rfK944j+560ZJi8iAwgak1Ac7A==",
      "dependencies": {
        "@jridgewell/sourcemap-codec": "^1.5.0"
      }
    },
    "node_modules/moment": {
      "version": "2.30.1",
      "resolved": "https://npmregistry.a.wemade.no/moment/-/moment-2.30.1.tgz",
      "integrity": "sha512-uEmtNhbDOrWPFS+hdjFCBfy9f2YoyzRpwcl+DqpC6taX21FzsTLQVbMV/W7PzNSX6x/bhC1zA3c2UQ5NzH6how==",
      "peer": true,
      "engines": {
        "node": "*"
      }
    },
    "node_modules/mustache": {
      "version": "4.2.0",
      "resolved": "https://npmregistry.a.wemade.no/mustache/-/mustache-4.2.0.tgz",
      "integrity": "sha512-71ippSywq5Yb7/tVYyGbkBggbU8H3u5Rz56fH60jGFgr8uHwxs+aSKeqmluIVzM0m0kB7xQjKS6qPfd0b2ZoqQ==",
      "bin": {
        "mustache": "bin/mustache"
      }
    },
    "node_modules/nanoid": {
      "version": "3.3.8",
      "resolved": "https://registry.npmjs.org/nanoid/-/nanoid-3.3.8.tgz",
      "integrity": "sha512-WNLf5Sd8oZxOm+TzppcYk8gVOgP+l58xNy58D0nbUnOxOWRWvlcCV4kUF7ltmI6PsrLl/BgKEyS4mqsGChFN0w==",
      "funding": [
        {
          "type": "github",
          "url": "https://github.com/sponsors/ai"
        }
      ],
      "bin": {
        "nanoid": "bin/nanoid.cjs"
      },
      "engines": {
        "node": "^10 || ^12 || ^13.7 || ^14 || >=15.0.1"
      }
    },
    "node_modules/picocolors": {
      "version": "1.1.0",
      "resolved": "https://npmregistry.a.wemade.no/picocolors/-/picocolors-1.1.0.tgz",
      "integrity": "sha512-TQ92mBOW0l3LeMeyLV6mzy/kWr8lkd/hp3mTg7wYK7zJhuBStmGMBG0BdeDZS/dZx1IukaX6Bk11zcln25o1Aw=="
    },
    "node_modules/postcss": {
      "version": "8.4.47",
      "resolved": "https://npmregistry.a.wemade.no/postcss/-/postcss-8.4.47.tgz",
      "integrity": "sha512-56rxCq7G/XfB4EkXq9Egn5GCqugWvDFjafDOThIdMBsI15iqPqR5r15TfSr1YPYeEI19YeaXMCbY6u88Y76GLQ==",
      "funding": [
        {
          "type": "opencollective",
          "url": "https://opencollective.com/postcss/"
        },
        {
          "type": "tidelift",
          "url": "https://tidelift.com/funding/github/npm/postcss"
        },
        {
          "type": "github",
          "url": "https://github.com/sponsors/ai"
        }
      ],
      "dependencies": {
        "nanoid": "^3.3.7",
        "picocolors": "^1.1.0",
        "source-map-js": "^1.2.1"
      },
      "engines": {
        "node": "^10 || ^12 || >=14"
      }
    },
    "node_modules/preact": {
      "version": "10.12.1",
      "resolved": "https://npmregistry.a.wemade.no/preact/-/preact-10.12.1.tgz",
      "integrity": "sha512-l8386ixSsBdbreOAkqtrwqHwdvR35ID8c3rKPa8lCWuO86dBi32QWHV4vfsZK1utLLFMvw+Z5Ad4XLkZzchscg==",
      "funding": {
        "type": "opencollective",
        "url": "https://opencollective.com/preact"
      }
    },
    "node_modules/propagating-hammerjs": {
      "version": "2.0.1",
      "resolved": "https://npmregistry.a.wemade.no/propagating-hammerjs/-/propagating-hammerjs-2.0.1.tgz",
      "integrity": "sha512-PH3zG5whbSxMocphXJzVtvKr+vWAgfkqVvtuwjSJ/apmEACUoiw6auBAT5HYXpZOR0eGcTAfYG5Yl8h91O5Elg==",
      "peer": true,
      "peerDependencies": {
        "@egjs/hammerjs": "^2.0.17"
      }
    },
    "node_modules/select2": {
      "version": "4.1.0-rc.0",
      "resolved": "https://npmregistry.a.wemade.no/select2/-/select2-4.1.0-rc.0.tgz",
      "integrity": "sha512-Hr9TdhyHCZUtwznEH2CBf7967mEM0idtJ5nMtjvk3Up5tPukOLXbHUNmh10oRfeNIhj+3GD3niu+g6sVK+gK0A=="
    },
    "node_modules/simple-swizzle": {
      "version": "0.2.2",
      "resolved": "https://npmregistry.a.wemade.no/simple-swizzle/-/simple-swizzle-0.2.2.tgz",
      "integrity": "sha512-JA//kQgZtbuY83m+xT+tXJkmJncGMTFT+C+g2h2R9uxkYIrE2yy9sgmcLhCnw57/WSD+Eh3J97FPEDFnbXnDUg==",
      "dependencies": {
        "is-arrayish": "^0.3.1"
      }
    },
    "node_modules/source-map-js": {
      "version": "1.2.1",
      "resolved": "https://npmregistry.a.wemade.no/source-map-js/-/source-map-js-1.2.1.tgz",
      "integrity": "sha512-UXWMKhLOwVKb728IUtQPXxfYU+usdybtUrK/8uGE8CQMvrhOpwvzDBwj0QhSL7MQc7vIsISBG8VQ8+IDQxpfQA==",
      "engines": {
        "node": ">=0.10.0"
      }
    },
    "node_modules/to-fast-properties": {
      "version": "2.0.0",
      "resolved": "https://npmregistry.a.wemade.no/to-fast-properties/-/to-fast-properties-2.0.0.tgz",
      "integrity": "sha512-/OaKK0xYrs3DmxRYqL/yDc+FxFUVYhDlXMhRmv3z915w2HF1tnN1omB354j8VUGO/hbRzyD6Y3sA7v7GS/ceog==",
      "engines": {
        "node": ">=4"
      }
    },
    "node_modules/tslib": {
      "version": "2.7.0",
      "resolved": "https://npmregistry.a.wemade.no/tslib/-/tslib-2.7.0.tgz",
      "integrity": "sha512-gLXCKdN1/j47AiHiOkJN69hJmcbGTHI0ImLmbYLHykhgeN0jVGola9yVjFgzCUklsZQMW55o+dW7IXv3RCXDzA=="
    },
    "node_modules/uuid": {
      "version": "9.0.1",
      "resolved": "https://npmregistry.a.wemade.no/uuid/-/uuid-9.0.1.tgz",
      "integrity": "sha512-b+1eJOlsR9K8HJpow9Ok3fiWOWSIcIzXodvv0rQjVoOVNpWMpxf1wZNpt4y9h10odCNrqnYp1OBzRktckBe3sA==",
      "funding": [
        "https://github.com/sponsors/broofa",
        "https://github.com/sponsors/ctavan"
      ],
      "peer": true,
      "bin": {
        "uuid": "dist/bin/uuid"
      }
    },
    "node_modules/vis-data": {
      "version": "7.1.9",
      "resolved": "https://npmregistry.a.wemade.no/vis-data/-/vis-data-7.1.9.tgz",
      "integrity": "sha512-COQsxlVrmcRIbZMMTYwD+C2bxYCFDNQ2EHESklPiInbD/Pk3JZ6qNL84Bp9wWjYjAzXfSlsNaFtRk+hO9yBPWA==",
      "peer": true,
      "funding": {
        "type": "opencollective",
        "url": "https://opencollective.com/visjs"
      },
      "peerDependencies": {
        "uuid": "^3.4.0 || ^7.0.0 || ^8.0.0 || ^9.0.0",
        "vis-util": "^5.0.1"
      }
    },
    "node_modules/vis-timeline": {
      "version": "7.7.3",
      "resolved": "https://npmregistry.a.wemade.no/vis-timeline/-/vis-timeline-7.7.3.tgz",
      "integrity": "sha512-hGMzTttdOFWaw1PPlJuCXU2/4UjnsIxT684Thg9fV6YU1JuKZJs3s3BrJgZ4hO3gu5i1hsMe1YIi96o+eNT0jg==",
      "funding": {
        "type": "opencollective",
        "url": "https://opencollective.com/visjs"
      },
      "peerDependencies": {
        "@egjs/hammerjs": "^2.0.0",
        "component-emitter": "^1.3.0",
        "keycharm": "^0.2.0 || ^0.3.0 || ^0.4.0",
        "moment": "^2.24.0",
        "propagating-hammerjs": "^1.4.0 || ^2.0.0",
        "uuid": "^3.4.0 || ^7.0.0 || ^8.0.0 || ^9.0.0",
        "vis-data": "^6.3.0 || ^7.0.0",
        "vis-util": "^5.0.1",
        "xss": "^1.0.0"
      }
    },
    "node_modules/vis-util": {
      "version": "5.0.7",
      "resolved": "https://npmregistry.a.wemade.no/vis-util/-/vis-util-5.0.7.tgz",
      "integrity": "sha512-E3L03G3+trvc/X4LXvBfih3YIHcKS2WrP0XTdZefr6W6Qi/2nNCqZfe4JFfJU6DcQLm6Gxqj2Pfl+02859oL5A==",
      "peer": true,
      "engines": {
        "node": ">=8"
      },
      "funding": {
        "type": "opencollective",
        "url": "https://opencollective.com/visjs"
      },
      "peerDependencies": {
        "@egjs/hammerjs": "^2.0.0",
        "component-emitter": "^1.3.0 || ^2.0.0"
      }
    },
    "node_modules/vue": {
      "version": "3.5.11",
      "resolved": "https://npmregistry.a.wemade.no/vue/-/vue-3.5.11.tgz",
      "integrity": "sha512-/8Wurrd9J3lb72FTQS7gRMNQD4nztTtKPmuDuPuhqXmmpD6+skVjAeahNpVzsuky6Sy9gy7wn8UadqPtt9SQIg==",
      "dependencies": {
        "@vue/compiler-dom": "3.5.11",
        "@vue/compiler-sfc": "3.5.11",
        "@vue/runtime-dom": "3.5.11",
        "@vue/server-renderer": "3.5.11",
        "@vue/shared": "3.5.11"
      },
      "peerDependencies": {
        "typescript": "*"
      },
      "peerDependenciesMeta": {
        "typescript": {
          "optional": true
        }
      }
    },
    "node_modules/vue-simple-context-menu": {
      "version": "4.1.0",
      "resolved": "https://npmregistry.a.wemade.no/vue-simple-context-menu/-/vue-simple-context-menu-4.1.0.tgz",
      "integrity": "sha512-61bvRJfJaxsQ2ljN0eC4/k54eL/aqK4TcrBvWMf+7eNxp2tphb9B1P4qcdamp2PnvkIgyOAQBA3yA/Ls8BO6Rg==",
      "dependencies": {
        "click-outside-vue3": "^4.0.1"
      },
      "peerDependencies": {
        "vue": "^3.2.31"
      }
    },
    "node_modules/xss": {
      "version": "1.0.15",
      "resolved": "https://npmregistry.a.wemade.no/xss/-/xss-1.0.15.tgz",
      "integrity": "sha512-FVdlVVC67WOIPvfOwhoMETV72f6GbW7aOabBC3WxN/oUdoEMDyLz4OgRv5/gck2ZeNqEQu+Tb0kloovXOfpYVg==",
      "peer": true,
      "dependencies": {
        "commander": "^2.20.3",
        "cssfilter": "0.0.10"
      },
      "bin": {
        "xss": "bin/xss"
      },
      "engines": {
        "node": ">= 0.10.0"
      }
    }
  }
}
